
Microsoft Visual Studio Solution File, Format Version 12.00
# Visual Studio Version 17
VisualStudioVersion = 17.10.34928.147
MinimumVisualStudioVersion = 10.0.40219.1
Project("{FAE04EC0-301F-11D3-BF4B-00C04F79EFBC}") = "MyCURDapp", "MyCURDapp\MyCURDapp.csproj", "{A617920B-F3AA-4690-8519-898EA5E70F10}"
EndProject
Global
	GlobalSection(SolutionConfigurationPlatforms) = preSolution
		Debug|Any CPU = Debug|Any CPU
		Release|Any CPU = Release|Any CPU
	EndGlobalSection
	GlobalSection(ProjectConfigurationPlatforms) = postSolution
		{A617920B-F3AA-4690-8519-898EA5E70F10}.Debug|Any CPU.ActiveCfg = Debug|Any CPU
		{A617920B-F3AA-4690-8519-898EA5E70F10}.Debug|Any CPU.Build.0 = Debug|Any CPU
		{A617920B-F3AA-4690-8519-898EA5E70F10}.Release|Any CPU.ActiveCfg = Release|Any CPU
		{A617920B-F3AA-4690-8519-898EA5E70F10}.Release|Any CPU.Build.0 = Release|Any CPU
	EndGlobalSection
	GlobalSection(SolutionProperties) = preSolution
		HideSolutionNode = FALSE
	EndGlobalSection
	GlobalSection(ExtensibilityGlobals) = postSolution
		SolutionGuid = {CAF04A1E-8B74-4DB7-81BF-65B60E929560}
	EndGlobalSection
EndGlobal
